
Microsoft Visual Studio Solution File, Format Version 12.00
# Visual Studio 15
VisualStudioVersion = 15.0.28307.168
MinimumVisualStudioVersion = 10.0.40219.1
Project("{FAE04EC0-301F-11D3-BF4B-00C04F79EFBC}") = "Northwind.Repository", "Northwind.Repository\Northwind.Repository.csproj", "{287B6BF8-AF10-494D-BFDA-1F54118A9AF2}"
EndProject
Project("{FAE04EC0-301F-11D3-BF4B-00C04F79EFBC}") = "Northwind.Web", "Northwind.Web\Northwind.Web.csproj", "{FD83CEB3-FBB5-46AF-9B25-26DCD4F6E3D2}"
EndProject
Project("{FAE04EC0-301F-11D3-BF4B-00C04F79EFBC}") = "Northwind.Service", "Northwind.Service\Northwind.Service.csproj", "{B57E8A73-DA46-4983-A15C-B42A11C0280A}"
EndProject
Project("{FAE04EC0-301F-11D3-BF4B-00C04F79EFBC}") = "Northwind.UnitTest", "Northwind.UnitTest\Northwind.UnitTest.csproj", "{07BE03D3-0471-463C-A571-C24FC663BC06}"
EndProject
Global
	GlobalSection(SolutionConfigurationPlatforms) = preSolution
		Debug|Any CPU = Debug|Any CPU
		Release|Any CPU = Release|Any CPU
	EndGlobalSection
	GlobalSection(ProjectConfigurationPlatforms) = postSolution
		{287B6BF8-AF10-494D-BFDA-1F54118A9AF2}.Debug|Any CPU.ActiveCfg = Debug|Any CPU
		{287B6BF8-AF10-494D-BFDA-1F54118A9AF2}.Debug|Any CPU.Build.0 = Debug|Any CPU
		{287B6BF8-AF10-494D-BFDA-1F54118A9AF2}.Release|Any CPU.ActiveCfg = Release|Any CPU
		{287B6BF8-AF10-494D-BFDA-1F54118A9AF2}.Release|Any CPU.Build.0 = Release|Any CPU
		{FD83CEB3-FBB5-46AF-9B25-26DCD4F6E3D2}.Debug|Any CPU.ActiveCfg = Debug|Any CPU
		{FD83CEB3-FBB5-46AF-9B25-26DCD4F6E3D2}.Debug|Any CPU.Build.0 = Debug|Any CPU
		{FD83CEB3-FBB5-46AF-9B25-26DCD4F6E3D2}.Release|Any CPU.ActiveCfg = Release|Any CPU
		{FD83CEB3-FBB5-46AF-9B25-26DCD4F6E3D2}.Release|Any CPU.Build.0 = Release|Any CPU
		{B57E8A73-DA46-4983-A15C-B42A11C0280A}.Debug|Any CPU.ActiveCfg = Debug|Any CPU
		{B57E8A73-DA46-4983-A15C-B42A11C0280A}.Debug|Any CPU.Build.0 = Debug|Any CPU
		{B57E8A73-DA46-4983-A15C-B42A11C0280A}.Release|Any CPU.ActiveCfg = Release|Any CPU
		{B57E8A73-DA46-4983-A15C-B42A11C0280A}.Release|Any CPU.Build.0 = Release|Any CPU
		{07BE03D3-0471-463C-A571-C24FC663BC06}.Debug|Any CPU.ActiveCfg = Debug|Any CPU
		{07BE03D3-0471-463C-A571-C24FC663BC06}.Debug|Any CPU.Build.0 = Debug|Any CPU
		{07BE03D3-0471-463C-A571-C24FC663BC06}.Release|Any CPU.ActiveCfg = Release|Any CPU
		{07BE03D3-0471-463C-A571-C24FC663BC06}.Release|Any CPU.Build.0 = Release|Any CPU
	EndGlobalSection
	GlobalSection(SolutionProperties) = preSolution
		HideSolutionNode = FALSE
	EndGlobalSection
	GlobalSection(ExtensibilityGlobals) = postSolution
		SolutionGuid = {28123832-7D98-4F31-A692-783920EF0364}
	EndGlobalSection
EndGlobal
